
Microsoft Visual Studio Solution File, Format Version 12.00
# Visual Studio Version 16
VisualStudioVersion = 16.0.31112.23
MinimumVisualStudioVersion = 10.0.40219.1
Project("{2150E333-8FDC-42A3-9474-1A3956D46DE8}") = "build", "build", "{1CC83039-03F0-4100-9A8B-B389E753A140}"
	ProjectSection(SolutionItems) = preProject
		build\azure-pipelines-dev.yml = build\azure-pipelines-dev.yml
		build\azure-pipelines-main.yml = build\azure-pipelines-main.yml
	EndProjectSection
EndProject
Project("{2150E333-8FDC-42A3-9474-1A3956D46DE8}") = "misc", "misc", "{4185D66D-73A2-4B1B-8BFF-DA7B6AE666C7}"
	ProjectSection(SolutionItems) = preProject
		misc\changelog.txt = misc\changelog.txt
		misc\todo.txt = misc\todo.txt
	EndProjectSection
EndProject
Project("{2150E333-8FDC-42A3-9474-1A3956D46DE8}") = "nuget", "nuget", "{096C0C03-63B5-4D6F-B417-FEE8439F780A}"
	ProjectSection(SolutionItems) = preProject
		nuget\TauCode.Extensions.Serialization.nuspec = nuget\TauCode.Extensions.Serialization.nuspec
	EndProjectSection
EndProject
Project("{2150E333-8FDC-42A3-9474-1A3956D46DE8}") = "src", "src", "{412E9AE1-BBA4-413B-A295-5416BDF11E15}"
EndProject
Project("{2150E333-8FDC-42A3-9474-1A3956D46DE8}") = "test", "test", "{41EA99FE-8B67-46BC-8C05-DC41D5762BE1}"
EndProject
Project("{FAE04EC0-301F-11D3-BF4B-00C04F79EFBC}") = "TauCode.Extensions.Serialization", "src\TauCode.Extensions.Serialization\TauCode.Extensions.Serialization.csproj", "{D96FFDE8-7573-40D3-BDE6-1DC721232F55}"
EndProject
Project("{FAE04EC0-301F-11D3-BF4B-00C04F79EFBC}") = "TauCode.Extensions.Serialization.Tests", "test\TauCode.Extensions.Serialization.Tests\TauCode.Extensions.Serialization.Tests.csproj", "{78949F10-900B-4A70-B415-37702FD36EEB}"
EndProject
Global
	GlobalSection(SolutionConfigurationPlatforms) = preSolution
		Debug|Any CPU = Debug|Any CPU
		Release|Any CPU = Release|Any CPU
	EndGlobalSection
	GlobalSection(ProjectConfigurationPlatforms) = postSolution
		{D96FFDE8-7573-40D3-BDE6-1DC721232F55}.Debug|Any CPU.ActiveCfg = Debug|Any CPU
		{D96FFDE8-7573-40D3-BDE6-1DC721232F55}.Debug|Any CPU.Build.0 = Debug|Any CPU
		{D96FFDE8-7573-40D3-BDE6-1DC721232F55}.Release|Any CPU.ActiveCfg = Release|Any CPU
		{D96FFDE8-7573-40D3-BDE6-1DC721232F55}.Release|Any CPU.Build.0 = Release|Any CPU
		{78949F10-900B-4A70-B415-37702FD36EEB}.Debug|Any CPU.ActiveCfg = Debug|Any CPU
		{78949F10-900B-4A70-B415-37702FD36EEB}.Debug|Any CPU.Build.0 = Debug|Any CPU
		{78949F10-900B-4A70-B415-37702FD36EEB}.Release|Any CPU.ActiveCfg = Release|Any CPU
		{78949F10-900B-4A70-B415-37702FD36EEB}.Release|Any CPU.Build.0 = Release|Any CPU
	EndGlobalSection
	GlobalSection(SolutionProperties) = preSolution
		HideSolutionNode = FALSE
	EndGlobalSection
	GlobalSection(NestedProjects) = preSolution
		{D96FFDE8-7573-40D3-BDE6-1DC721232F55} = {412E9AE1-BBA4-413B-A295-5416BDF11E15}
		{78949F10-900B-4A70-B415-37702FD36EEB} = {41EA99FE-8B67-46BC-8C05-DC41D5762BE1}
	EndGlobalSection
	GlobalSection(ExtensibilityGlobals) = postSolution
		SolutionGuid = {D4CB45E6-CADC-4E96-BAB9-4C715F1A14CD}
	EndGlobalSection
EndGlobal
